
Microsoft Visual Studio Solution File, Format Version 12.00
# Visual Studio Version 16
VisualStudioVersion = 16.0.32510.428
MinimumVisualStudioVersion = 10.0.40219.1
Project("{FAE04EC0-301F-11D3-BF4B-00C04F79EFBC}") = "VarlikZimmetDepo.UI", "VarlıkZimmetDepo.UI\VarlikZimmetDepo.UI.csproj", "{50B77E0C-63DA-42BD-B26E-7B67C70500A1}"
EndProject
Project("{FAE04EC0-301F-11D3-BF4B-00C04F79EFBC}") = "VarlikZimmetDepo.Command", "VarlikZimmetDepo.Command\VarlikZimmetDepo.Command.csproj", "{195EFD8C-710F-468B-9A73-FC0C92F9C3D4}"
EndProject
Global
	GlobalSection(SolutionConfigurationPlatforms) = preSolution
		Debug|Any CPU = Debug|Any CPU
		Release|Any CPU = Release|Any CPU
	EndGlobalSection
	GlobalSection(ProjectConfigurationPlatforms) = postSolution
		{50B77E0C-63DA-42BD-B26E-7B67C70500A1}.Debug|Any CPU.ActiveCfg = Debug|Any CPU
		{50B77E0C-63DA-42BD-B26E-7B67C70500A1}.Debug|Any CPU.Build.0 = Debug|Any CPU
		{50B77E0C-63DA-42BD-B26E-7B67C70500A1}.Release|Any CPU.ActiveCfg = Release|Any CPU
		{50B77E0C-63DA-42BD-B26E-7B67C70500A1}.Release|Any CPU.Build.0 = Release|Any CPU
		{195EFD8C-710F-468B-9A73-FC0C92F9C3D4}.Debug|Any CPU.ActiveCfg = Debug|Any CPU
		{195EFD8C-710F-468B-9A73-FC0C92F9C3D4}.Debug|Any CPU.Build.0 = Debug|Any CPU
		{195EFD8C-710F-468B-9A73-FC0C92F9C3D4}.Release|Any CPU.ActiveCfg = Release|Any CPU
		{195EFD8C-710F-468B-9A73-FC0C92F9C3D4}.Release|Any CPU.Build.0 = Release|Any CPU
	EndGlobalSection
	GlobalSection(SolutionProperties) = preSolution
		HideSolutionNode = FALSE
	EndGlobalSection
	GlobalSection(ExtensibilityGlobals) = postSolution
		SolutionGuid = {A72FAD47-48DF-4C93-8084-D5D11A028F94}
	EndGlobalSection
EndGlobal
